# This file is automatically @generated by Cargo.
# It is not intended for manual editing.
version = 4

[[package]]
name = "nostos-catalog"
version = "0.1.0"
dependencies = [
 "nostos-model",
]

[[package]]
name = "nostos-engine"
version = "0.1.0"
dependencies = [
 "nostos-query",
 "nostos-storage",
 "nostos-sync",
]

[[package]]
name = "nostos-model"
version = "0.1.0"
dependencies = [
 "nostos-parser",
]

[[package]]
name = "nostos-parser"
version = "0.1.0"
dependencies = [
 "nostos-syntax",
]

[[package]]
name = "nostos-query"
version = "0.1.0"
dependencies = [
 "nostos-model",
 "nostos-storage",
]

[[package]]
name = "nostos-server"
version = "0.1.0"
dependencies = [
 "nostos-engine",
]

[[package]]
name = "nostos-storage"
version = "0.1.0"
dependencies = [
 "nostos-catalog",
 "nostos-model",
]

[[package]]
name = "nostos-sync"
version = "0.1.0"
dependencies = [
 "nostos-parser",
 "nostos-storage",
]

[[package]]
name = "nostos-syntax"
version = "0.1.0"
